
Microsoft Visual Studio Solution File, Format Version 12.00
# Visual Studio Version 17
VisualStudioVersion = 17.10.34928.147
MinimumVisualStudioVersion = 10.0.40219.1
Project("{FAE04EC0-301F-11D3-BF4B-00C04F79EFBC}") = "SalesWebMvc", "SalesWebMvc\SalesWebMvc.csproj", "{32831F66-71BD-4F83-A3C8-DB6506D24BDD}"
EndProject
Global
	GlobalSection(SolutionConfigurationPlatforms) = preSolution
		Debug|Any CPU = Debug|Any CPU
		Release|Any CPU = Release|Any CPU
	EndGlobalSection
	GlobalSection(ProjectConfigurationPlatforms) = postSolution
		{32831F66-71BD-4F83-A3C8-DB6506D24BDD}.Debug|Any CPU.ActiveCfg = Debug|Any CPU
		{32831F66-71BD-4F83-A3C8-DB6506D24BDD}.Debug|Any CPU.Build.0 = Debug|Any CPU
		{32831F66-71BD-4F83-A3C8-DB6506D24BDD}.Release|Any CPU.ActiveCfg = Release|Any CPU
		{32831F66-71BD-4F83-A3C8-DB6506D24BDD}.Release|Any CPU.Build.0 = Release|Any CPU
	EndGlobalSection
	GlobalSection(SolutionProperties) = preSolution
		HideSolutionNode = FALSE
	EndGlobalSection
	GlobalSection(ExtensibilityGlobals) = postSolution
		SolutionGuid = {134C23D1-AF0F-40D7-B0FD-B71D0CF262D0}
	EndGlobalSection
EndGlobal
